
Microsoft Visual Studio Solution File, Format Version 12.00
# Visual Studio Version 17
VisualStudioVersion = 17.10.35013.160
MinimumVisualStudioVersion = 10.0.40219.1
Project("{2150E333-8FDC-42A3-9474-1A3956D46DE8}") = "Api", "Api", "{1599D561-FF16-4623-9C21-007924C26EFD}"
EndProject
Project("{2150E333-8FDC-42A3-9474-1A3956D46DE8}") = "Services", "Services", "{BD37C5F5-21BE-4E4E-A94F-ADA740125E00}"
EndProject
Project("{2150E333-8FDC-42A3-9474-1A3956D46DE8}") = "Shared", "Shared", "{F37BC45F-E8E2-4CD5-8314-FF364F5D063A}"
EndProject
Project("{2150E333-8FDC-42A3-9474-1A3956D46DE8}") = "Private", "Private", "{3C7BC29A-2313-465A-BCFE-70A9F606E085}"
EndProject
Project("{2150E333-8FDC-42A3-9474-1A3956D46DE8}") = "Public", "Public", "{C76D2F45-2C72-4444-9A74-15F7DB10618E}"
EndProject
Project("{2150E333-8FDC-42A3-9474-1A3956D46DE8}") = "Email", "Email", "{EAE0CC23-59FF-49C0-86FB-AA338D376B6B}"
EndProject
Project("{2150E333-8FDC-42A3-9474-1A3956D46DE8}") = "Orders", "Orders", "{B21C9F38-7519-4333-B294-D8C27FA0BBB7}"
EndProject
Project("{2150E333-8FDC-42A3-9474-1A3956D46DE8}") = "Products", "Products", "{910CEE73-D5C0-4CCA-AD2C-0261FDE46B3D}"
EndProject
Project("{2150E333-8FDC-42A3-9474-1A3956D46DE8}") = "Subscriptions", "Subscriptions", "{4DB7C1DB-B7AD-44DA-AF12-9FEDF01EA2F9}"
EndProject
Project("{FAE04EC0-301F-11D3-BF4B-00C04F79EFBC}") = "Distribt.API.Private", "src\Distribt.API.Private\Distribt.API.Private.csproj", "{F28BDCFC-F665-41A1-8A4F-CFC13632B9BA}"
EndProject
Project("{FAE04EC0-301F-11D3-BF4B-00C04F79EFBC}") = "Distribt.API.Public", "src\Distribt.API.Public\Distribt.API.Public.csproj", "{B5A078F0-09A0-411B-802E-24EAF972E7C4}"
EndProject
Project("{FAE04EC0-301F-11D3-BF4B-00C04F79EFBC}") = "Distribt.Shared.Api", "src\Distribt.Shared.Api\Distribt.Shared.Api.csproj", "{70BB647C-80CB-48EF-9914-D2A22AC03BC6}"
EndProject
Project("{FAE04EC0-301F-11D3-BF4B-00C04F79EFBC}") = "Distribt.Shared.Setup", "src\Distribt.Shared.Setup\Distribt.Shared.Setup.csproj", "{0A86E6EB-EAA1-4B0A-A272-678048F24773}"
EndProject
Project("{FAE04EC0-301F-11D3-BF4B-00C04F79EFBC}") = "Distribt.Services.Emails", "src\Distribt.Services.Emails\Distribt.Services.Emails.csproj", "{470D18CC-6A23-4C5D-9B52-505C10C326DF}"
EndProject
Project("{FAE04EC0-301F-11D3-BF4B-00C04F79EFBC}") = "Distribt.Services.Orders", "src\Distribt.Services.Orders\Distribt.Services.Orders.csproj", "{7AADCEC8-2E29-4046-9D47-C59EA86CC77B}"
EndProject
Project("{FAE04EC0-301F-11D3-BF4B-00C04F79EFBC}") = "Distritb.Services.Products", "src\Distritb.Services.Products\Distritb.Services.Products.csproj", "{F8C6FF92-543B-4DE9-B1F7-83EE947D7BD8}"
EndProject
Project("{FAE04EC0-301F-11D3-BF4B-00C04F79EFBC}") = "Distritb.Services.Subscriptions", "src\Distritb.Services.Subscriptions\Distritb.Services.Subscriptions.csproj", "{38C86EB1-682C-42FB-AB5B-A2A36AC03273}"
EndProject
Global
	GlobalSection(SolutionConfigurationPlatforms) = preSolution
		Debug|Any CPU = Debug|Any CPU
		Release|Any CPU = Release|Any CPU
	EndGlobalSection
	GlobalSection(ProjectConfigurationPlatforms) = postSolution
		{F28BDCFC-F665-41A1-8A4F-CFC13632B9BA}.Debug|Any CPU.ActiveCfg = Debug|Any CPU
		{F28BDCFC-F665-41A1-8A4F-CFC13632B9BA}.Debug|Any CPU.Build.0 = Debug|Any CPU
		{F28BDCFC-F665-41A1-8A4F-CFC13632B9BA}.Release|Any CPU.ActiveCfg = Release|Any CPU
		{F28BDCFC-F665-41A1-8A4F-CFC13632B9BA}.Release|Any CPU.Build.0 = Release|Any CPU
		{B5A078F0-09A0-411B-802E-24EAF972E7C4}.Debug|Any CPU.ActiveCfg = Debug|Any CPU
		{B5A078F0-09A0-411B-802E-24EAF972E7C4}.Debug|Any CPU.Build.0 = Debug|Any CPU
		{B5A078F0-09A0-411B-802E-24EAF972E7C4}.Release|Any CPU.ActiveCfg = Release|Any CPU
		{B5A078F0-09A0-411B-802E-24EAF972E7C4}.Release|Any CPU.Build.0 = Release|Any CPU
		{70BB647C-80CB-48EF-9914-D2A22AC03BC6}.Debug|Any CPU.ActiveCfg = Debug|Any CPU
		{70BB647C-80CB-48EF-9914-D2A22AC03BC6}.Debug|Any CPU.Build.0 = Debug|Any CPU
		{70BB647C-80CB-48EF-9914-D2A22AC03BC6}.Release|Any CPU.ActiveCfg = Release|Any CPU
		{70BB647C-80CB-48EF-9914-D2A22AC03BC6}.Release|Any CPU.Build.0 = Release|Any CPU
		{0A86E6EB-EAA1-4B0A-A272-678048F24773}.Debug|Any CPU.ActiveCfg = Debug|Any CPU
		{0A86E6EB-EAA1-4B0A-A272-678048F24773}.Debug|Any CPU.Build.0 = Debug|Any CPU
		{0A86E6EB-EAA1-4B0A-A272-678048F24773}.Release|Any CPU.ActiveCfg = Release|Any CPU
		{0A86E6EB-EAA1-4B0A-A272-678048F24773}.Release|Any CPU.Build.0 = Release|Any CPU
		{470D18CC-6A23-4C5D-9B52-505C10C326DF}.Debug|Any CPU.ActiveCfg = Debug|Any CPU
		{470D18CC-6A23-4C5D-9B52-505C10C326DF}.Debug|Any CPU.Build.0 = Debug|Any CPU
		{470D18CC-6A23-4C5D-9B52-505C10C326DF}.Release|Any CPU.ActiveCfg = Release|Any CPU
		{470D18CC-6A23-4C5D-9B52-505C10C326DF}.Release|Any CPU.Build.0 = Release|Any CPU
		{7AADCEC8-2E29-4046-9D47-C59EA86CC77B}.Debug|Any CPU.ActiveCfg = Debug|Any CPU
		{7AADCEC8-2E29-4046-9D47-C59EA86CC77B}.Debug|Any CPU.Build.0 = Debug|Any CPU
		{7AADCEC8-2E29-4046-9D47-C59EA86CC77B}.Release|Any CPU.ActiveCfg = Release|Any CPU
		{7AADCEC8-2E29-4046-9D47-C59EA86CC77B}.Release|Any CPU.Build.0 = Release|Any CPU
		{F8C6FF92-543B-4DE9-B1F7-83EE947D7BD8}.Debug|Any CPU.ActiveCfg = Debug|Any CPU
		{F8C6FF92-543B-4DE9-B1F7-83EE947D7BD8}.Debug|Any CPU.Build.0 = Debug|Any CPU
		{F8C6FF92-543B-4DE9-B1F7-83EE947D7BD8}.Release|Any CPU.ActiveCfg = Release|Any CPU
		{F8C6FF92-543B-4DE9-B1F7-83EE947D7BD8}.Release|Any CPU.Build.0 = Release|Any CPU
		{38C86EB1-682C-42FB-AB5B-A2A36AC03273}.Debug|Any CPU.ActiveCfg = Debug|Any CPU
		{38C86EB1-682C-42FB-AB5B-A2A36AC03273}.Debug|Any CPU.Build.0 = Debug|Any CPU
		{38C86EB1-682C-42FB-AB5B-A2A36AC03273}.Release|Any CPU.ActiveCfg = Release|Any CPU
		{38C86EB1-682C-42FB-AB5B-A2A36AC03273}.Release|Any CPU.Build.0 = Release|Any CPU
	EndGlobalSection
	GlobalSection(SolutionProperties) = preSolution
		HideSolutionNode = FALSE
	EndGlobalSection
	GlobalSection(NestedProjects) = preSolution
		{3C7BC29A-2313-465A-BCFE-70A9F606E085} = {1599D561-FF16-4623-9C21-007924C26EFD}
		{C76D2F45-2C72-4444-9A74-15F7DB10618E} = {1599D561-FF16-4623-9C21-007924C26EFD}
		{EAE0CC23-59FF-49C0-86FB-AA338D376B6B} = {BD37C5F5-21BE-4E4E-A94F-ADA740125E00}
		{B21C9F38-7519-4333-B294-D8C27FA0BBB7} = {BD37C5F5-21BE-4E4E-A94F-ADA740125E00}
		{910CEE73-D5C0-4CCA-AD2C-0261FDE46B3D} = {BD37C5F5-21BE-4E4E-A94F-ADA740125E00}
		{4DB7C1DB-B7AD-44DA-AF12-9FEDF01EA2F9} = {BD37C5F5-21BE-4E4E-A94F-ADA740125E00}
		{F28BDCFC-F665-41A1-8A4F-CFC13632B9BA} = {3C7BC29A-2313-465A-BCFE-70A9F606E085}
		{B5A078F0-09A0-411B-802E-24EAF972E7C4} = {C76D2F45-2C72-4444-9A74-15F7DB10618E}
		{70BB647C-80CB-48EF-9914-D2A22AC03BC6} = {F37BC45F-E8E2-4CD5-8314-FF364F5D063A}
		{0A86E6EB-EAA1-4B0A-A272-678048F24773} = {F37BC45F-E8E2-4CD5-8314-FF364F5D063A}
		{470D18CC-6A23-4C5D-9B52-505C10C326DF} = {EAE0CC23-59FF-49C0-86FB-AA338D376B6B}
		{7AADCEC8-2E29-4046-9D47-C59EA86CC77B} = {B21C9F38-7519-4333-B294-D8C27FA0BBB7}
		{F8C6FF92-543B-4DE9-B1F7-83EE947D7BD8} = {910CEE73-D5C0-4CCA-AD2C-0261FDE46B3D}
		{38C86EB1-682C-42FB-AB5B-A2A36AC03273} = {4DB7C1DB-B7AD-44DA-AF12-9FEDF01EA2F9}
	EndGlobalSection
	GlobalSection(ExtensibilityGlobals) = postSolution
		SolutionGuid = {9EE0C0A5-1DF0-4690-9CB0-CD505FCB2F70}
	EndGlobalSection
EndGlobal
